
Microsoft Visual Studio Solution File, Format Version 11.00
# Visual Studio 2010
Project("{FAE04EC0-301F-11D3-BF4B-00C04F79EFBC}") = "第三学期三层构架(新闻管理)", "第三学期三层构架(新闻管理)\第三学期三层构架(新闻管理).csproj", "{8A79D87B-AA4F-451A-800B-BEB9BF3D54D2}"
EndProject
Project("{FAE04EC0-301F-11D3-BF4B-00C04F79EFBC}") = "BLL", "BLL\BLL.csproj", "{0F65472E-8EE9-489F-A670-C802F803CA61}"
EndProject
Project("{FAE04EC0-301F-11D3-BF4B-00C04F79EFBC}") = "DAL", "DAL\DAL.csproj", "{BB55E890-DC92-49B6-A3BF-07101448D921}"
EndProject
Project("{FAE04EC0-301F-11D3-BF4B-00C04F79EFBC}") = "MODEL", "MODEL\MODEL.csproj", "{87447E54-BC6A-4747-8091-69988BD2612E}"
EndProject
Global
	GlobalSection(SolutionConfigurationPlatforms) = preSolution
		Debug|Any CPU = Debug|Any CPU
		Release|Any CPU = Release|Any CPU
	EndGlobalSection
	GlobalSection(ProjectConfigurationPlatforms) = postSolution
		{8A79D87B-AA4F-451A-800B-BEB9BF3D54D2}.Debug|Any CPU.ActiveCfg = Debug|Any CPU
		{8A79D87B-AA4F-451A-800B-BEB9BF3D54D2}.Debug|Any CPU.Build.0 = Debug|Any CPU
		{8A79D87B-AA4F-451A-800B-BEB9BF3D54D2}.Release|Any CPU.ActiveCfg = Release|Any CPU
		{8A79D87B-AA4F-451A-800B-BEB9BF3D54D2}.Release|Any CPU.Build.0 = Release|Any CPU
		{0F65472E-8EE9-489F-A670-C802F803CA61}.Debug|Any CPU.ActiveCfg = Debug|Any CPU
		{0F65472E-8EE9-489F-A670-C802F803CA61}.Debug|Any CPU.Build.0 = Debug|Any CPU
		{0F65472E-8EE9-489F-A670-C802F803CA61}.Release|Any CPU.ActiveCfg = Release|Any CPU
		{0F65472E-8EE9-489F-A670-C802F803CA61}.Release|Any CPU.Build.0 = Release|Any CPU
		{BB55E890-DC92-49B6-A3BF-07101448D921}.Debug|Any CPU.ActiveCfg = Debug|Any CPU
		{BB55E890-DC92-49B6-A3BF-07101448D921}.Debug|Any CPU.Build.0 = Debug|Any CPU
		{BB55E890-DC92-49B6-A3BF-07101448D921}.Release|Any CPU.ActiveCfg = Release|Any CPU
		{BB55E890-DC92-49B6-A3BF-07101448D921}.Release|Any CPU.Build.0 = Release|Any CPU
		{87447E54-BC6A-4747-8091-69988BD2612E}.Debug|Any CPU.ActiveCfg = Debug|Any CPU
		{87447E54-BC6A-4747-8091-69988BD2612E}.Debug|Any CPU.Build.0 = Debug|Any CPU
		{87447E54-BC6A-4747-8091-69988BD2612E}.Release|Any CPU.ActiveCfg = Release|Any CPU
		{87447E54-BC6A-4747-8091-69988BD2612E}.Release|Any CPU.Build.0 = Release|Any CPU
	EndGlobalSection
	GlobalSection(SolutionProperties) = preSolution
		HideSolutionNode = FALSE
	EndGlobalSection
EndGlobal
